
Microsoft Visual Studio Solution File, Format Version 12.00
# Visual Studio Version 17
VisualStudioVersion = 17.7.34024.191
MinimumVisualStudioVersion = 10.0.40219.1
Project("{9A19103F-16F7-4668-BE54-9A1E7A4F7556}") = "BacktestConsole", "BacktestConsole\BacktestConsole.csproj", "{EFBDC2F8-7096-49E9-ABFD-D3A5BE8EA776}"
EndProject
Project("{9A19103F-16F7-4668-BE54-9A1E7A4F7556}") = "GrpcBacktestServer", "GrpcBacktestServer\GrpcBacktestServer.csproj", "{73574C83-475F-4046-B7BC-69093C5A9552}"
EndProject
Global
	GlobalSection(SolutionConfigurationPlatforms) = preSolution
		Debug|Any CPU = Debug|Any CPU
		Debug|x64 = Debug|x64
		Release|Any CPU = Release|Any CPU
		Release|x64 = Release|x64
	EndGlobalSection
	GlobalSection(ProjectConfigurationPlatforms) = postSolution
		{EFBDC2F8-7096-49E9-ABFD-D3A5BE8EA776}.Debug|Any CPU.ActiveCfg = Debug|Any CPU
		{EFBDC2F8-7096-49E9-ABFD-D3A5BE8EA776}.Debug|Any CPU.Build.0 = Debug|Any CPU
		{EFBDC2F8-7096-49E9-ABFD-D3A5BE8EA776}.Debug|x64.ActiveCfg = Debug|x64
		{EFBDC2F8-7096-49E9-ABFD-D3A5BE8EA776}.Debug|x64.Build.0 = Debug|x64
		{EFBDC2F8-7096-49E9-ABFD-D3A5BE8EA776}.Release|Any CPU.ActiveCfg = Release|Any CPU
		{EFBDC2F8-7096-49E9-ABFD-D3A5BE8EA776}.Release|Any CPU.Build.0 = Release|Any CPU
		{EFBDC2F8-7096-49E9-ABFD-D3A5BE8EA776}.Release|x64.ActiveCfg = Release|x64
		{EFBDC2F8-7096-49E9-ABFD-D3A5BE8EA776}.Release|x64.Build.0 = Release|x64
		{73574C83-475F-4046-B7BC-69093C5A9552}.Debug|Any CPU.ActiveCfg = Debug|Any CPU
		{73574C83-475F-4046-B7BC-69093C5A9552}.Debug|Any CPU.Build.0 = Debug|Any CPU
		{73574C83-475F-4046-B7BC-69093C5A9552}.Debug|x64.ActiveCfg = Debug|x64
		{73574C83-475F-4046-B7BC-69093C5A9552}.Debug|x64.Build.0 = Debug|x64
		{73574C83-475F-4046-B7BC-69093C5A9552}.Release|Any CPU.ActiveCfg = Release|Any CPU
		{73574C83-475F-4046-B7BC-69093C5A9552}.Release|Any CPU.Build.0 = Release|Any CPU
		{73574C83-475F-4046-B7BC-69093C5A9552}.Release|x64.ActiveCfg = Release|Any CPU
		{73574C83-475F-4046-B7BC-69093C5A9552}.Release|x64.Build.0 = Release|Any CPU
	EndGlobalSection
	GlobalSection(SolutionProperties) = preSolution
		HideSolutionNode = FALSE
	EndGlobalSection
	GlobalSection(ExtensibilityGlobals) = postSolution
		SolutionGuid = {E1E6FAAB-8685-45AF-AD79-7F9EB0AC7168}
	EndGlobalSection
EndGlobal
